
Microsoft Visual Studio Solution File, Format Version 12.00
# Visual Studio 15
VisualStudioVersion = 15.0.27703.2026
MinimumVisualStudioVersion = 10.0.40219.1
Project("{8BC9CEB8-8B4A-11D0-8D11-00A0C91BC942}") = "Program 10", "Program 10\Program 10.vcxproj", "{C1C03301-E98E-4D18-8CBF-4120359973E8}"
EndProject
Global
	GlobalSection(SolutionConfigurationPlatforms) = preSolution
		Debug|x64 = Debug|x64
		Debug|x86 = Debug|x86
		Release|x64 = Release|x64
		Release|x86 = Release|x86
	EndGlobalSection
	GlobalSection(ProjectConfigurationPlatforms) = postSolution
		{C1C03301-E98E-4D18-8CBF-4120359973E8}.Debug|x64.ActiveCfg = Debug|x64
		{C1C03301-E98E-4D18-8CBF-4120359973E8}.Debug|x64.Build.0 = Debug|x64
		{C1C03301-E98E-4D18-8CBF-4120359973E8}.Debug|x86.ActiveCfg = Debug|Win32
		{C1C03301-E98E-4D18-8CBF-4120359973E8}.Debug|x86.Build.0 = Debug|Win32
		{C1C03301-E98E-4D18-8CBF-4120359973E8}.Release|x64.ActiveCfg = Release|x64
		{C1C03301-E98E-4D18-8CBF-4120359973E8}.Release|x64.Build.0 = Release|x64
		{C1C03301-E98E-4D18-8CBF-4120359973E8}.Release|x86.ActiveCfg = Release|Win32
		{C1C03301-E98E-4D18-8CBF-4120359973E8}.Release|x86.Build.0 = Release|Win32
	EndGlobalSection
	GlobalSection(SolutionProperties) = preSolution
		HideSolutionNode = FALSE
	EndGlobalSection
	GlobalSection(ExtensibilityGlobals) = postSolution
		SolutionGuid = {A13919A8-6649-4C0E-83F3-3E2C3178F6DB}
	EndGlobalSection
EndGlobal
